
Microsoft Visual Studio Solution File, Format Version 12.00
# Visual Studio Version 17
VisualStudioVersion = 17.5.002.0
MinimumVisualStudioVersion = 10.0.40219.1
Project("{9A19103F-16F7-4668-BE54-9A1E7A4F7556}") = "task1", "task1\task1.csproj", "{6C70BCC7-89D8-4423-BD6B-BFF502F5B56A}"
EndProject
Global
	GlobalSection(SolutionConfigurationPlatforms) = preSolution
		Debug|Any CPU = Debug|Any CPU
		Release|Any CPU = Release|Any CPU
	EndGlobalSection
	GlobalSection(ProjectConfigurationPlatforms) = postSolution
		{6C70BCC7-89D8-4423-BD6B-BFF502F5B56A}.Debug|Any CPU.ActiveCfg = Debug|Any CPU
		{6C70BCC7-89D8-4423-BD6B-BFF502F5B56A}.Debug|Any CPU.Build.0 = Debug|Any CPU
		{6C70BCC7-89D8-4423-BD6B-BFF502F5B56A}.Release|Any CPU.ActiveCfg = Release|Any CPU
		{6C70BCC7-89D8-4423-BD6B-BFF502F5B56A}.Release|Any CPU.Build.0 = Release|Any CPU
	EndGlobalSection
	GlobalSection(SolutionProperties) = preSolution
		HideSolutionNode = FALSE
	EndGlobalSection
	GlobalSection(ExtensibilityGlobals) = postSolution
		SolutionGuid = {4BB8CC98-7B23-4B02-9D02-92095A6DF16B}
	EndGlobalSection
EndGlobal
